
Microsoft Visual Studio Solution File, Format Version 12.00
# Visual Studio Version 17
VisualStudioVersion = 17.0.31912.275
MinimumVisualStudioVersion = 10.0.40219.1
Project("{FAE04EC0-301F-11D3-BF4B-00C04F79EFBC}") = "MusikPlayer", "MusikPlayer\MusikPlayer.csproj", "{6CC6CC17-AAE7-48DA-B5E9-29D29E281AEB}"
EndProject
Project("{FAE04EC0-301F-11D3-BF4B-00C04F79EFBC}") = "Updater", "Updater\Updater.csproj", "{71D6DF68-03E7-4D74-880D-ED0CA19DD7C3}"
EndProject
Global
	GlobalSection(SolutionConfigurationPlatforms) = preSolution
		Debug|Any CPU = Debug|Any CPU
		Release|Any CPU = Release|Any CPU
	EndGlobalSection
	GlobalSection(ProjectConfigurationPlatforms) = postSolution
		{6CC6CC17-AAE7-48DA-B5E9-29D29E281AEB}.Debug|Any CPU.ActiveCfg = Debug|Any CPU
		{6CC6CC17-AAE7-48DA-B5E9-29D29E281AEB}.Debug|Any CPU.Build.0 = Debug|Any CPU
		{6CC6CC17-AAE7-48DA-B5E9-29D29E281AEB}.Release|Any CPU.ActiveCfg = Release|Any CPU
		{6CC6CC17-AAE7-48DA-B5E9-29D29E281AEB}.Release|Any CPU.Build.0 = Release|Any CPU
		{71D6DF68-03E7-4D74-880D-ED0CA19DD7C3}.Debug|Any CPU.ActiveCfg = Debug|Any CPU
		{71D6DF68-03E7-4D74-880D-ED0CA19DD7C3}.Debug|Any CPU.Build.0 = Debug|Any CPU
		{71D6DF68-03E7-4D74-880D-ED0CA19DD7C3}.Release|Any CPU.ActiveCfg = Release|Any CPU
		{71D6DF68-03E7-4D74-880D-ED0CA19DD7C3}.Release|Any CPU.Build.0 = Release|Any CPU
	EndGlobalSection
	GlobalSection(SolutionProperties) = preSolution
		HideSolutionNode = FALSE
	EndGlobalSection
	GlobalSection(ExtensibilityGlobals) = postSolution
		SolutionGuid = {4E967B5E-C582-4F77-9E4F-85C9C0322E3C}
	EndGlobalSection
EndGlobal
